
Microsoft Visual Studio Solution File, Format Version 12.00
# Visual Studio 15
VisualStudioVersion = 15.0.28307.1622
MinimumVisualStudioVersion = 10.0.40219.1
Project("{FAE04EC0-301F-11D3-BF4B-00C04F79EFBC}") = "TodoApp", "TodoApp\TodoApp.csproj", "{5D536EB6-C305-4D8D-A083-3A6F4E9A45E3}"
EndProject
Global
	GlobalSection(SolutionConfigurationPlatforms) = preSolution
		Debug|Any CPU = Debug|Any CPU
		Release|Any CPU = Release|Any CPU
	EndGlobalSection
	GlobalSection(ProjectConfigurationPlatforms) = postSolution
		{5D536EB6-C305-4D8D-A083-3A6F4E9A45E3}.Debug|Any CPU.ActiveCfg = Debug|Any CPU
		{5D536EB6-C305-4D8D-A083-3A6F4E9A45E3}.Debug|Any CPU.Build.0 = Debug|Any CPU
		{5D536EB6-C305-4D8D-A083-3A6F4E9A45E3}.Release|Any CPU.ActiveCfg = Release|Any CPU
		{5D536EB6-C305-4D8D-A083-3A6F4E9A45E3}.Release|Any CPU.Build.0 = Release|Any CPU
	EndGlobalSection
	GlobalSection(SolutionProperties) = preSolution
		HideSolutionNode = FALSE
	EndGlobalSection
	GlobalSection(ExtensibilityGlobals) = postSolution
		SolutionGuid = {1ED65517-48FF-41A5-B76B-548BA179BCED}
	EndGlobalSection
EndGlobal
